# This file is generated by running "yarn install" inside your project.
# Manual changes might be lost - proceed with caution!

__metadata:
  version: 8
  cacheKey: 10c0

"@huhuang03/chrome_plugin_common@workspace:.":
  version: 0.0.0-use.local
  resolution: "@huhuang03/chrome_plugin_common@workspace:."
  dependencies:
    "@types/node": "npm:^18.15.11"
    rollup-plugin-ts: "npm:^3.2.0"
    typescript: "npm:^5.0.2"
  languageName: unknown
  linkType: soft

"@jridgewell/sourcemap-codec@npm:^1.4.13":
  version: 1.4.14
  resolution: "@jridgewell/sourcemap-codec@npm:1.4.14"
  checksum: 10c0/3fbaff1387c1338b097eeb6ff92890d7838f7de0dde259e4983763b44540bfd5ca6a1f7644dc8ad003a57f7e80670d5b96a8402f1386ba9aee074743ae9bad51
  languageName: node
  linkType: hard

"@mdn/browser-compat-data@npm:^5.2.33":
  version: 5.2.46
  resolution: "@mdn/browser-compat-data@npm:5.2.46"
  checksum: 10c0/56ccc48c162a1e299bb2b305d5a0feaaa3b97175b508f7502f096c2dcce6c25d05b42ac24d756cdd16b16f8946aef1d5ef7f2f6ad2dbb02f0a276f441b9685c8
  languageName: node
  linkType: hard

"@rollup/pluginutils@npm:^5.0.2":
  version: 5.0.2
  resolution: "@rollup/pluginutils@npm:5.0.2"
  dependencies:
    "@types/estree": "npm:^1.0.0"
    estree-walker: "npm:^2.0.2"
    picomatch: "npm:^2.3.1"
  peerDependencies:
    rollup: ^1.20.0||^2.0.0||^3.0.0
  peerDependenciesMeta:
    rollup:
      optional: true
  checksum: 10c0/b06f73c15bb59418aa6fbfead5675bab2d6922e15663525ffc2eb8429530bc5add516600adb251cfbf9b60f3d12fb821cde155cb5103415154a476bd0f163432
  languageName: node
  linkType: hard

"@types/estree@npm:^1.0.0":
  version: 1.0.0
  resolution: "@types/estree@npm:1.0.0"
  checksum: 10c0/4e73ff606bf7c7ccdaa66092de650c410a4ad2ecc388fdbed8242cac9dbcad72407e1ceff041b7da691babb02ff74ab885d6231fb09368fdd1eabbf1b5253d49
  languageName: node
  linkType: hard

"@types/node@npm:^17.0.36":
  version: 17.0.45
  resolution: "@types/node@npm:17.0.45"
  checksum: 10c0/0db377133d709b33a47892581a21a41cd7958f22723a3cc6c71d55ac018121382de42fbfc7970d5ae3e7819dbe5f40e1c6a5174aedf7e7964e9cb8fa72b580b0
  languageName: node
  linkType: hard

"@types/node@npm:^18.15.11":
  version: 18.15.11
  resolution: "@types/node@npm:18.15.11"
  checksum: 10c0/670deb1a9daa812dc86b1e8964c0c6b0bef7c32672833c10578c1e5dd2682f2bd99b86d814fde86a5dd4a3da48ea039f41db30a835b245aa7c34c62fa1f23f0d
  languageName: node
  linkType: hard

"@types/object-path@npm:^0.11.1":
  version: 0.11.1
  resolution: "@types/object-path@npm:0.11.1"
  checksum: 10c0/03369975bf5ae34d8414beb53d464b1ec7338136d89f2b72e03d897044edd4abb6080418636961da7e5e1ee06fddc834a2099c39d582d2949ac3bea7aab99544
  languageName: node
  linkType: hard

"@types/semver@npm:^7.3.13":
  version: 7.3.13
  resolution: "@types/semver@npm:7.3.13"
  checksum: 10c0/73295bb1fee46f8c76c7a759feeae5a3022f5bedfdc17d16982092e4b33af17560234fb94861560c20992a702a1e1b9a173bb623a96f95f80892105f5e7d25e3
  languageName: node
  linkType: hard

"@types/ua-parser-js@npm:^0.7.36":
  version: 0.7.36
  resolution: "@types/ua-parser-js@npm:0.7.36"
  checksum: 10c0/9ac418a56265a6a8cbac16d69b801c0e922514f81f16dc181405d3eb86b83a4c32a5cf4aab7a095702103ebc4e99206c9a7738aee1e3492da2d472c95fb36c68
  languageName: node
  linkType: hard

"@wessberg/stringutil@npm:^1.0.19":
  version: 1.0.19
  resolution: "@wessberg/stringutil@npm:1.0.19"
  checksum: 10c0/06628cc0ff97882d69433e304689d0660f7edcd5779784716a55d69911f715530268cdffb2815d697f55a9821a9d9968808efc5bffc1e6eeec1dc1ed95625ec6
  languageName: node
  linkType: hard

"ansi-colors@npm:^4.1.3":
  version: 4.1.3
  resolution: "ansi-colors@npm:4.1.3"
  checksum: 10c0/ec87a2f59902f74e61eada7f6e6fe20094a628dab765cfdbd03c3477599368768cffccdb5d3bb19a1b6c99126783a143b1fee31aab729b31ffe5836c7e5e28b9
  languageName: node
  linkType: hard

"browserslist-generator@npm:^2.0.1":
  version: 2.0.3
  resolution: "browserslist-generator@npm:2.0.3"
  dependencies:
    "@mdn/browser-compat-data": "npm:^5.2.33"
    "@types/object-path": "npm:^0.11.1"
    "@types/semver": "npm:^7.3.13"
    "@types/ua-parser-js": "npm:^0.7.36"
    browserslist: "npm:^4.21.5"
    caniuse-lite: "npm:^1.0.30001450"
    isbot: "npm:^3.6.5"
    object-path: "npm:^0.11.8"
    semver: "npm:^7.3.8"
    ua-parser-js: "npm:^1.0.33"
  checksum: 10c0/e708c10b6dfbd8aaa656ff42026a2beec8c74d320d0e0d2471bc6aed55ced6ce8ed4a32960d33c3f2c979e020a3223c41c075c2d9e2a7b9d3bbb2a606c6bd2d5
  languageName: node
  linkType: hard

"browserslist@npm:^4.21.4, browserslist@npm:^4.21.5":
  version: 4.21.5
  resolution: "browserslist@npm:4.21.5"
  dependencies:
    caniuse-lite: "npm:^1.0.30001449"
    electron-to-chromium: "npm:^1.4.284"
    node-releases: "npm:^2.0.8"
    update-browserslist-db: "npm:^1.0.10"
  bin:
    browserslist: cli.js
  checksum: 10c0/903040d2c45b733e1177c288b4f146ff21d45e8a44ccc87d1d7fc2f6a8d021c7ee54b514fd7722529c282381969382a54bd2ab4263f5b6c8981a856b457ea162
  languageName: node
  linkType: hard

"caniuse-lite@npm:^1.0.30001449, caniuse-lite@npm:^1.0.30001450":
  version: 1.0.30001472
  resolution: "caniuse-lite@npm:1.0.30001472"
  checksum: 10c0/e58ac632ee8cd8f1f9b284abea0e097fd58b83210db0eef2b04b08695c47e3ee08d1d78877a554a3dcc59b5d8aba9c550fe2442cea9f2e147253cb6035254329
  languageName: node
  linkType: hard

"compatfactory@npm:^2.0.9":
  version: 2.0.9
  resolution: "compatfactory@npm:2.0.9"
  dependencies:
    helpertypes: "npm:^0.0.19"
  peerDependencies:
    typescript: ">=3.x || >= 4.x"
  checksum: 10c0/b2c5674fc2a08eb2160e7d0aefa430ef0708bea3290986e2e03a251b93eb7ccc73ac680a74c841c0812ce40731a38f93b41ab38ad9106a31ef9b30b5733f0b0d
  languageName: node
  linkType: hard

"crosspath@npm:^2.0.0":
  version: 2.0.0
  resolution: "crosspath@npm:2.0.0"
  dependencies:
    "@types/node": "npm:^17.0.36"
  checksum: 10c0/fa8895d9aab8ea249243661147687556b86b42c11e922d5a2a068df073a32b7ed374f8c2423b20fd8f236a9b6aac09dc39beefef7d2617700bde6be9c5509fe5
  languageName: node
  linkType: hard

"electron-to-chromium@npm:^1.4.284":
  version: 1.4.342
  resolution: "electron-to-chromium@npm:1.4.342"
  checksum: 10c0/45b6c397b8c8cc585e828d8c1156d3882ac30a0f9d3b342b1a0e5c70837de44493b9a94c5bcdbfde04aed93509a126dd6868bd435d16d5313cc63d5a718ee9cf
  languageName: node
  linkType: hard

"escalade@npm:^3.1.1":
  version: 3.1.1
  resolution: "escalade@npm:3.1.1"
  checksum: 10c0/afd02e6ca91ffa813e1108b5e7756566173d6bc0d1eb951cb44d6b21702ec17c1cf116cfe75d4a2b02e05acb0b808a7a9387d0d1ca5cf9c04ad03a8445c3e46d
  languageName: node
  linkType: hard

"estree-walker@npm:^2.0.2":
  version: 2.0.2
  resolution: "estree-walker@npm:2.0.2"
  checksum: 10c0/53a6c54e2019b8c914dc395890153ffdc2322781acf4bd7d1a32d7aedc1710807bdcd866ac133903d5629ec601fbb50abe8c2e5553c7f5a0afdd9b6af6c945af
  languageName: node
  linkType: hard

"helpertypes@npm:^0.0.19":
  version: 0.0.19
  resolution: "helpertypes@npm:0.0.19"
  checksum: 10c0/2d4035f97d8dfa135c5e12f5828354df9d2345e83e3a7e7af4ed1c08fca6415980711d7dd9592cb0f730b9cff0e80a845dc5c3d53b91fe29347d549fba298674
  languageName: node
  linkType: hard

"isbot@npm:^3.6.5":
  version: 3.6.7
  resolution: "isbot@npm:3.6.7"
  checksum: 10c0/1f3cdb2eb4acf449ddb372b5cdff5416102be3f563ab119785c7e35b8db6f10924cbbe2322fc1da2998f70d8e3089e1969d0317622b4a7171062dfa68787369a
  languageName: node
  linkType: hard

"lru-cache@npm:^6.0.0":
  version: 6.0.0
  resolution: "lru-cache@npm:6.0.0"
  dependencies:
    yallist: "npm:^4.0.0"
  checksum: 10c0/cb53e582785c48187d7a188d3379c181b5ca2a9c78d2bce3e7dee36f32761d1c42983da3fe12b55cb74e1779fa94cdc2e5367c028a9b35317184ede0c07a30a9
  languageName: node
  linkType: hard

"magic-string@npm:^0.27.0":
  version: 0.27.0
  resolution: "magic-string@npm:0.27.0"
  dependencies:
    "@jridgewell/sourcemap-codec": "npm:^1.4.13"
  checksum: 10c0/cddacfea14441ca57ae8a307bc3cf90bac69efaa4138dd9a80804cffc2759bf06f32da3a293fb13eaa96334b7d45b7768a34f1d226afae25d2f05b05a3bb37d8
  languageName: node
  linkType: hard

"node-releases@npm:^2.0.8":
  version: 2.0.10
  resolution: "node-releases@npm:2.0.10"
  checksum: 10c0/90947653e8e3d85bda4bcbf28d019693ccfb5d5947838ca64e91208b51d7bfc13ba930b8216389a4faffbad8145b2c616bf1f7a09c97a1a9ac57fd6ef6d01c5c
  languageName: node
  linkType: hard

"object-path@npm:^0.11.8":
  version: 0.11.8
  resolution: "object-path@npm:0.11.8"
  checksum: 10c0/73b1f33bb30a7032d8cce2e3dcffd82b80a83d8304e80b4f83b4f456165625de9907f1ca7f7441d4dfb5e73429ace1e5bf9d9315636ac0aacc76392cc21d1672
  languageName: node
  linkType: hard

"picocolors@npm:^1.0.0":
  version: 1.0.0
  resolution: "picocolors@npm:1.0.0"
  checksum: 10c0/20a5b249e331c14479d94ec6817a182fd7a5680debae82705747b2db7ec50009a5f6648d0621c561b0572703f84dbef0858abcbd5856d3c5511426afcb1961f7
  languageName: node
  linkType: hard

"picomatch@npm:^2.3.1":
  version: 2.3.1
  resolution: "picomatch@npm:2.3.1"
  checksum: 10c0/26c02b8d06f03206fc2ab8d16f19960f2ff9e81a658f831ecb656d8f17d9edc799e8364b1f4a7873e89d9702dff96204be0fa26fe4181f6843f040f819dac4be
  languageName: node
  linkType: hard

"rollup-plugin-ts@npm:^3.2.0":
  version: 3.2.0
  resolution: "rollup-plugin-ts@npm:3.2.0"
  dependencies:
    "@rollup/pluginutils": "npm:^5.0.2"
    "@wessberg/stringutil": "npm:^1.0.19"
    ansi-colors: "npm:^4.1.3"
    browserslist: "npm:^4.21.4"
    browserslist-generator: "npm:^2.0.1"
    compatfactory: "npm:^2.0.9"
    crosspath: "npm:^2.0.0"
    magic-string: "npm:^0.27.0"
    ts-clone-node: "npm:^2.0.4"
    tslib: "npm:^2.4.1"
  peerDependencies:
    "@babel/core": ">=6.x || >=7.x"
    "@babel/plugin-transform-runtime": ">=6.x || >=7.x"
    "@babel/preset-env": ">=6.x || >=7.x"
    "@babel/preset-typescript": ">=6.x || >=7.x"
    "@babel/runtime": ">=6.x || >=7.x"
    "@swc/core": ">=1.x"
    "@swc/helpers": ">=0.2"
    rollup: ">=1.x || >=2.x"
    typescript: ">=3.2.x || >= 4.x"
  peerDependenciesMeta:
    "@babel/core":
      optional: true
    "@babel/plugin-transform-runtime":
      optional: true
    "@babel/preset-env":
      optional: true
    "@babel/preset-typescript":
      optional: true
    "@babel/runtime":
      optional: true
    "@swc/core":
      optional: true
    "@swc/helpers":
      optional: true
  checksum: 10c0/49c4526d40261a909faf4734ff4fa5eb64df7ad5ab35398db85ee5a99f5b365046eedf8a84986415444a276697060d989a3eb90285277100618caba236e58470
  languageName: node
  linkType: hard

"semver@npm:^7.3.8":
  version: 7.3.8
  resolution: "semver@npm:7.3.8"
  dependencies:
    lru-cache: "npm:^6.0.0"
  bin:
    semver: bin/semver.js
  checksum: 10c0/7e581d679530db31757301c2117721577a2bb36a301a443aac833b8efad372cda58e7f2a464fe4412ae1041cc1f63a6c1fe0ced8c57ce5aca1e0b57bb0d627b9
  languageName: node
  linkType: hard

"ts-clone-node@npm:^2.0.4":
  version: 2.0.4
  resolution: "ts-clone-node@npm:2.0.4"
  dependencies:
    compatfactory: "npm:^2.0.9"
  peerDependencies:
    typescript: ^3.x || ^4.x
  checksum: 10c0/4ac2caa79c66a624b3174ed1dff6da723c8dc52769c7f348a1d4c38975cd094ba55fd33cf3426834616a287caa0dae54a344209731fba606704ccd97f0f9c3d8
  languageName: node
  linkType: hard

"tslib@npm:^2.4.1":
  version: 2.5.0
  resolution: "tslib@npm:2.5.0"
  checksum: 10c0/e32fc99cc730dd514e53c44e668d76016e738f0bcc726aad5dbd2d335cf19b87a95a9b1e4f0a9993e370f1d702b5e471cdd4acabcac428a3099d496b9af2021e
  languageName: node
  linkType: hard

"typescript@npm:^5.0.2":
  version: 5.0.2
  resolution: "typescript@npm:5.0.2"
  bin:
    tsc: bin/tsc
    tsserver: bin/tsserver
  checksum: 10c0/aa0e2a766412a0c9f609133681753cc88098aa44e079820d203dc0628a8fc3997d4e6b93c2c813c483f770698561c3225c5ab3e5c8896639cfc5d94528e3005f
  languageName: node
  linkType: hard

"typescript@patch:typescript@npm%3A^5.0.2#optional!builtin<compat/typescript>":
  version: 5.0.2
  resolution: "typescript@patch:typescript@npm%3A5.0.2#optional!builtin<compat/typescript>::version=5.0.2&hash=b5f058"
  bin:
    tsc: bin/tsc
    tsserver: bin/tsserver
  checksum: 10c0/7889472e5f13d6c6df993f8cc26ac5bd9d27ed5e5e865afc150ceffb5c02d944e27e5e92dfd730232a9180549c6b7d3f622deacd1d96c0457cba72e17ed6901f
  languageName: node
  linkType: hard

"ua-parser-js@npm:^1.0.33":
  version: 1.0.34
  resolution: "ua-parser-js@npm:1.0.34"
  checksum: 10c0/aae90aceed913be4f6b3d6341b537b053a888bdf0bbe75419e77455dd78abad3d0ff5ddcec2cdc43594178af8063ee105b90961183f1ce794e1c2c87d81b5412
  languageName: node
  linkType: hard

"update-browserslist-db@npm:^1.0.10":
  version: 1.0.10
  resolution: "update-browserslist-db@npm:1.0.10"
  dependencies:
    escalade: "npm:^3.1.1"
    picocolors: "npm:^1.0.0"
  peerDependencies:
    browserslist: ">= 4.21.0"
  bin:
    browserslist-lint: cli.js
  checksum: 10c0/e6fa55b515a674cc3b6c045d1f37f72780ddbbbb48b3094391fb2e43357b859ca5cee4c7d3055fd654d442ef032777d0972494a9a2e6c30d3660ee57b7138ae9
  languageName: node
  linkType: hard

"yallist@npm:^4.0.0":
  version: 4.0.0
  resolution: "yallist@npm:4.0.0"
  checksum: 10c0/2286b5e8dbfe22204ab66e2ef5cc9bbb1e55dfc873bbe0d568aa943eb255d131890dfd5bf243637273d31119b870f49c18fcde2c6ffbb7a7a092b870dc90625a
  languageName: node
  linkType: hard
